{
  "version": "5",
  "specifiers": {
    "jsr:@core/asyncutil@^1.2.0": "1.2.0",
    "jsr:@std/async@^1.0.14": "1.0.14",
    "jsr:@std/internal@^1.0.10": "1.0.10",
    "jsr:@std/path@^1.1.2": "1.1.2",
    "jsr:@std/yaml@^1.0.9": "1.0.9",
    "npm:@hono/standard-validator@~0.1.5": "0.1.5_@standard-schema+spec@1.0.0_hono@4.9.6",
    "npm:@huggingface/jinja@~0.5.1": "0.5.1",
    "npm:@kingbri1/hono-openapi@~0.5.1": "0.5.1_@hono+standard-validator@0.1.5__@standard-schema+spec@1.0.0__hono@4.9.6_@kingbri1+standard-openapi@0.1.5__zod@4.1.7_hono@4.9.6_openapi-types@12.1.3_zod@4.1.7",
    "npm:@scalar/hono-api-reference@0.5.172": "0.5.172_hono@4.9.6",
    "npm:@types/command-line-args@*": "5.2.3",
    "npm:@types/command-line-args@^5.2.3": "5.2.3",
    "npm:@types/command-line-usage@*": "5.0.4",
    "npm:@types/command-line-usage@^5.0.4": "5.0.4",
    "npm:@types/node@*": "22.15.15",
    "npm:command-line-args@^6.0.1": "6.0.1",
    "npm:command-line-usage@^7.0.3": "7.0.3",
    "npm:hono@^4.9.6": "4.9.6",
    "npm:winston@^3.17.0": "3.17.0",
    "npm:yoctocolors@^2.1.2": "2.1.2",
    "npm:zod@^4.1.7": "4.1.7"
  },
  "jsr": {
    "@core/asyncutil@1.2.0": {
      "integrity": "9967f15190c60df032c13f72ce5ac73d185c34f31c53dc918d8800025854c118"
    },
    "@std/async@1.0.14": {
      "integrity": "62e954a418652c704d37563a3e54a37d4cf0268a9dcaeac1660cc652880b5326"
    },
    "@std/internal@1.0.10": {
      "integrity": "e3be62ce42cab0e177c27698e5d9800122f67b766a0bea6ca4867886cbde8cf7"
    },
    "@std/path@1.1.2": {
      "integrity": "c0b13b97dfe06546d5e16bf3966b1cadf92e1cc83e56ba5476ad8b498d9e3038",
      "dependencies": [
        "jsr:@std/internal"
      ]
    },
    "@std/yaml@1.0.9": {
      "integrity": "6bad3dc766dd85b4b37eabcba81b6aa4eac7a392792ae29abcfb0f90602d55bb"
    }
  },
  "npm": {
    "@apidevtools/json-schema-ref-parser@11.9.3": {
      "integrity": "sha512-60vepv88RwcJtSHrD6MjIL6Ta3SOYbgfnkHb+ppAVK+o9mXprRtulx7VlRl3lN3bbvysAfCS7WMVfhUYemB0IQ==",
      "dependencies": [
        "@jsdevtools/ono",
        "@types/json-schema",
        "js-yaml"
      ]
    },
    "@colors/colors@1.6.0": {
      "integrity": "sha512-Ir+AOibqzrIsL6ajt3Rz3LskB7OiMVHqltZmspbW/TJuTVuyOMirVqAkjfY6JISiLHgyNqicAC8AyHHGzNd/dA=="
    },
    "@dabh/diagnostics@2.0.3": {
      "integrity": "sha512-hrlQOIi7hAfzsMqlGSFyVucrx38O+j6wiGOf//H2ecvIEqYN4ADBSS2iLMh5UFyDunCNniUIPk/q3riFv45xRA==",
      "dependencies": [
        "colorspace",
        "enabled",
        "kuler"
      ]
    },
    "@hono/standard-validator@0.1.5_@standard-schema+spec@1.0.0_hono@4.9.6": {
      "integrity": "sha512-EIyZPPwkyLn6XKwFj5NBEWHXhXbgmnVh2ceIFo5GO7gKI9WmzTjPDKnppQB0KrqKeAkq3kpoW4SIbu5X1dgx3w==",
      "dependencies": [
        "@standard-schema/spec",
        "hono"
      ]
    },
    "@huggingface/jinja@0.5.1": {
      "integrity": "sha512-yUZLld4lrM9iFxHCwFQ7D1HW2MWMwSbeB7WzWqFYDWK+rEb+WldkLdAJxUPOmgICMHZLzZGVcVjFh3w/YGubng=="
    },
    "@jsdevtools/ono@7.1.3": {
      "integrity": "sha512-4JQNk+3mVzK3xh2rqd6RB4J46qUR19azEHBneZyTZM+c456qOrbbM/5xcR8huNCCcbVt7+UmizG6GuUvPvKUYg=="
    },
    "@kingbri1/hono-openapi@0.5.1_@hono+standard-validator@0.1.5__@standard-schema+spec@1.0.0__hono@4.9.6_@kingbri1+standard-openapi@0.1.5__zod@4.1.7_hono@4.9.6_openapi-types@12.1.3_zod@4.1.7": {
      "integrity": "sha512-Lf0t0FUZunt9amnHHJRL1/Mwl8MW9ihcB9+iQWkzREYMv9QBsVugi8YeyBkGB6tHbmrml8PWfKTz2aSD1iKYeg==",
      "dependencies": [
        "@hono/standard-validator",
        "@kingbri1/standard-openapi",
        "hono",
        "openapi-types"
      ],
      "optionalPeers": [
        "@hono/standard-validator",
        "hono"
      ]
    },
    "@kingbri1/standard-json@0.2.2_zod@4.1.7": {
      "integrity": "sha512-Twpf5mV7kTJKdbaGyXaM3GgdWrZGruDfqVV9WupVJa1h71+vSEqGAj8dayq2NWN5zqcGovStloYt8vBwcEvsPQ==",
      "dependencies": [
        "zod"
      ],
      "optionalPeers": [
        "zod"
      ]
    },
    "@kingbri1/standard-openapi@0.1.5_zod@4.1.7": {
      "integrity": "sha512-TDj8K0QcRGjvo/EMi2HdkJMtGQmpV1+eEsX1R0jQ7M6m566q/2Xg0pHgcyjShQujfLWONE/u+kcrmlve3rNwBQ==",
      "dependencies": [
        "@kingbri1/standard-json",
        "json-schema-walker"
      ]
    },
    "@scalar/hono-api-reference@0.5.172_hono@4.9.6": {
      "integrity": "sha512-2fd7PidgQWSzP8IKjApK16aN0lDtcV2muigBO/AIdMUzEowRlDFt6nhqrCDkFerX/6mCqmTewFczo731cL+kHg==",
      "dependencies": [
        "@scalar/types",
        "hono"
      ]
    },
    "@scalar/openapi-types@0.1.7": {
      "integrity": "sha512-oOTG3JQifg55U3DhKB7WdNIxFnJzbPJe7rqdyWdio977l8IkxQTVmObftJhdNIMvhV2K+1f/bDoMQGu6yTaD0A=="
    },
    "@scalar/types@0.0.31": {
      "integrity": "sha512-xagRDDqqf+tMTtChUggQHIzjMbfHe/3ntiZpF4RDgrU5yA3v/eYFwLjb+OgfcMpU1c02FSUeKa6FN7e7DZcXgg==",
      "dependencies": [
        "@scalar/openapi-types",
        "@unhead/schema"
      ]
    },
    "@standard-schema/spec@1.0.0": {
      "integrity": "sha512-m2bOd0f2RT9k8QJx1JN85cZYyH1RqFBdlwtkSlf4tBDYLCiiZnv1fIIwacK6cqwXavOydf0NPToMQgpKq+dVlA=="
    },
    "@types/command-line-args@5.2.3": {
      "integrity": "sha512-uv0aG6R0Y8WHZLTamZwtfsDLVRnOa+n+n5rEvFWL5Na5gZ8V2Teab/duDPFzIIIhs9qizDpcavCusCLJZu62Kw=="
    },
    "@types/command-line-usage@5.0.4": {
      "integrity": "sha512-BwR5KP3Es/CSht0xqBcUXS3qCAUVXwpRKsV2+arxeb65atasuXG9LykC9Ab10Cw3s2raH92ZqOeILaQbsB2ACg=="
    },
    "@types/json-schema@7.0.15": {
      "integrity": "sha512-5+fP8P8MFNC+AyZCDxrB2pkZFPGzqQWUzpSeuuVLvm8VMcorNYavBqoFcxK8bQz4Qsbn4oUEEem4wDLfcysGHA=="
    },
    "@types/node@22.15.15": {
      "integrity": "sha512-R5muMcZob3/Jjchn5LcO8jdKwSCbzqmPB6ruBxMcf9kbxtniZHP327s6C37iOfuw8mbKK3cAQa7sEl7afLrQ8A==",
      "dependencies": [
        "undici-types"
      ]
    },
    "@types/triple-beam@1.3.5": {
      "integrity": "sha512-6WaYesThRMCl19iryMYP7/x2OVgCtbIVflDGFpWnb9irXI3UjYE4AzmYuiUKY1AJstGijoY+MgUszMgRxIYTYw=="
    },
    "@unhead/schema@1.11.20": {
      "integrity": "sha512-0zWykKAaJdm+/Y7yi/Yds20PrUK7XabLe9c3IRcjnwYmSWY6z0Cr19VIs3ozCj8P+GhR+/TI2mwtGlueCEYouA==",
      "dependencies": [
        "hookable",
        "zhead"
      ]
    },
    "ansi-styles@4.3.0": {
      "integrity": "sha512-zbB9rCJAT1rbjiVDb2hqKFHNYLxgtk8NURxZ3IZwD3F6NtxbXZQCnnSi1Lkx+IDohdPlFp222wVALIheZJQSEg==",
      "dependencies": [
        "color-convert@2.0.1"
      ]
    },
    "argparse@2.0.1": {
      "integrity": "sha512-8+9WqebbFzpX9OR+Wa6O29asIogeRMzcGtAINdpMHHyAg10f05aSFVBbcEqGf/PXw1EjAZ+q2/bEBg3DvurK3Q=="
    },
    "array-back@6.2.2": {
      "integrity": "sha512-gUAZ7HPyb4SJczXAMUXMGAvI976JoK3qEx9v1FTmeYuJj0IBiaKttG1ydtGKdkfqWkIkouke7nG8ufGy77+Cvw=="
    },
    "async@3.2.6": {
      "integrity": "sha512-htCUDlxyyCLMgaM3xXg0C0LW2xqfuQ6p05pCEIsXuyQ+a1koYKTuBMzRNwmybfLgvJDMd0r1LTn4+E0Ti6C2AA=="
    },
    "chalk-template@0.4.0": {
      "integrity": "sha512-/ghrgmhfY8RaSdeo43hNXxpoHAtxdbskUHjPpfqUWGttFgycUhYPGx3YZBCnUCvOa7Doivn1IZec3DEGFoMgLg==",
      "dependencies": [
        "chalk"
      ]
    },
    "chalk@4.1.2": {
      "integrity": "sha512-oKnbhFyRIXpUuez8iBMmyEa4nbj4IOQyuhc/wy9kY7/WVPcwIO9VA668Pu8RkO7+0G76SLROeyw9CpQ061i4mA==",
      "dependencies": [
        "ansi-styles",
        "supports-color"
      ]
    },
    "clone@2.1.2": {
      "integrity": "sha512-3Pe/CF1Nn94hyhIYpjtiLhdCoEoz0DqQ+988E9gmeEdQZlojxnOb74wctFyuwWQHzqyf9X7C7MG8juUpqBJT8w=="
    },
    "color-convert@1.9.3": {
      "integrity": "sha512-QfAUtd+vFdAtFQcC8CCyYt1fYWxSqAiK2cSD6zDB8N3cpsEBAvRxp9zOGg6G/SHHJYAT88/az/IuDGALsNVbGg==",
      "dependencies": [
        "color-name@1.1.3"
      ]
    },
    "color-convert@2.0.1": {
      "integrity": "sha512-RRECPsj7iu/xb5oKYcsFHSppFNnsj/52OVTRKb4zP5onXwVF3zVmmToNcOfGC+CRDpfK/U584fMg38ZHCaElKQ==",
      "dependencies": [
        "color-name@1.1.4"
      ]
    },
    "color-name@1.1.3": {
      "integrity": "sha512-72fSenhMw2HZMTVHeCA9KCmpEIbzWiQsjN+BHcBbS9vr1mtt+vJjPdksIBNUmKAW8TFUDPJK5SUU3QhE9NEXDw=="
    },
    "color-name@1.1.4": {
      "integrity": "sha512-dOy+3AuW3a2wNbZHIuMZpTcgjGuLU/uBL/ubcZF9OXbDo8ff4O8yVp5Bf0efS8uEoYo5q4Fx7dY9OgQGXgAsQA=="
    },
    "color-string@1.9.1": {
      "integrity": "sha512-shrVawQFojnZv6xM40anx4CkoDP+fZsw/ZerEMsW/pyzsRbElpsL/DBVW7q3ExxwusdNXI3lXpuhEZkzs8p5Eg==",
      "dependencies": [
        "color-name@1.1.4",
        "simple-swizzle"
      ]
    },
    "color@3.2.1": {
      "integrity": "sha512-aBl7dZI9ENN6fUGC7mWpMTPNHmWUSNan9tuWN6ahh5ZLNk9baLJOnSMlrQkHcrfFgz2/RigjUVAjdx36VcemKA==",
      "dependencies": [
        "color-convert@1.9.3",
        "color-string"
      ]
    },
    "colorspace@1.1.4": {
      "integrity": "sha512-BgvKJiuVu1igBUF2kEjRCZXol6wiiGbY5ipL/oVPwm0BL9sIpMIzM8IK7vwuxIIzOXMV3Ey5w+vxhm0rR/TN8w==",
      "dependencies": [
        "color",
        "text-hex"
      ]
    },
    "command-line-args@6.0.1": {
      "integrity": "sha512-Jr3eByUjqyK0qd8W0SGFW1nZwqCaNCtbXjRo2cRJC1OYxWl3MZ5t1US3jq+cO4sPavqgw4l9BMGX0CBe+trepg==",
      "dependencies": [
        "array-back",
        "find-replace",
        "lodash.camelcase",
        "typical"
      ]
    },
    "command-line-usage@7.0.3": {
      "integrity": "sha512-PqMLy5+YGwhMh1wS04mVG44oqDsgyLRSKJBdOo1bnYhMKBW65gZF1dRp2OZRhiTjgUHljy99qkO7bsctLaw35Q==",
      "dependencies": [
        "array-back",
        "chalk-template",
        "table-layout",
        "typical"
      ]
    },
    "enabled@2.0.0": {
      "integrity": "sha512-AKrN98kuwOzMIdAizXGI86UFBoo26CL21UM763y1h/GMSJ4/OHU9k2YlsmBpyScFo/wbLzWQJBMCW4+IO3/+OQ=="
    },
    "fecha@4.2.3": {
      "integrity": "sha512-OP2IUU6HeYKJi3i0z4A19kHMQoLVs4Hc+DPqqxI2h/DPZHTm/vjsfC6P0b4jCMy14XizLBqvndQ+UilD7707Jw=="
    },
    "find-replace@5.0.2": {
      "integrity": "sha512-Y45BAiE3mz2QsrN2fb5QEtO4qb44NcS7en/0y9PEVsg351HsLeVclP8QPMH79Le9sH3rs5RSwJu99W0WPZO43Q=="
    },
    "fn.name@1.1.0": {
      "integrity": "sha512-GRnmB5gPyJpAhTQdSZTSp9uaPSvl09KoYcMQtsB9rQoOmzs9dH6ffeccH+Z+cv6P68Hu5bC6JjRh4Ah/mHSNRw=="
    },
    "has-flag@4.0.0": {
      "integrity": "sha512-EykJT/Q1KjTWctppgIAgfSO0tKVuZUjhgMr17kqTumMl6Afv3EISleU7qZUzoXDFTAHTDC4NOoG/ZxU3EvlMPQ=="
    },
    "hono@4.9.6": {
      "integrity": "sha512-doVjXhSFvYZ7y0dNokjwwSahcrAfdz+/BCLvAMa/vHLzjj8+CFyV5xteThGUsKdkaasgN+gF2mUxao+SGLpUeA=="
    },
    "hookable@5.5.3": {
      "integrity": "sha512-Yc+BQe8SvoXH1643Qez1zqLRmbA5rCL+sSmk6TVos0LWVfNIB7PGncdlId77WzLGSIB5KaWgTaNTs2lNVEI6VQ=="
    },
    "inherits@2.0.4": {
      "integrity": "sha512-k/vGaX4/Yla3WzyMCvTQOXYeIHvqOKtnqBduzTHpzpQZzAskKMhZ2K+EnBiSM9zGSoIFeMpXKxa4dYeZIQqewQ=="
    },
    "is-arrayish@0.3.2": {
      "integrity": "sha512-eVRqCvVlZbuw3GrM63ovNSNAeA1K16kaR/LRY/92w0zxQ5/1YzwblUX652i4Xs9RwAGjW9d9y6X88t8OaAJfWQ=="
    },
    "is-stream@2.0.1": {
      "integrity": "sha512-hFoiJiTl63nn+kstHGBtewWSKnQLpyb155KHheA1l39uvtO9nWIop1p3udqPcUd/xbF1VLMO4n7OI6p7RbngDg=="
    },
    "js-yaml@4.1.0": {
      "integrity": "sha512-wpxZs9NoxZaJESJGIZTyDEaYpl0FKSA+FB9aJiyemKhMwkxQg63h4T1KJgUGHpTqPDNRcmmYLugrRjJlBtWvRA==",
      "dependencies": [
        "argparse"
      ],
      "bin": true
    },
    "json-schema-walker@2.0.0": {
      "integrity": "sha512-nXN2cMky0Iw7Af28w061hmxaPDaML5/bQD9nwm1lOoIKEGjHcRGxqWe4MfrkYThYAPjSUhmsp4bJNoLAyVn9Xw==",
      "dependencies": [
        "@apidevtools/json-schema-ref-parser",
        "clone"
      ]
    },
    "kuler@2.0.0": {
      "integrity": "sha512-Xq9nH7KlWZmXAtodXDDRE7vs6DU1gTU8zYDHDiWLSip45Egwq3plLHzPn27NgvzL2r1LMPC1vdqh98sQxtqj4A=="
    },
    "lodash.camelcase@4.3.0": {
      "integrity": "sha512-TwuEnCnxbc3rAvhf/LbG7tJUDzhqXyFnv3dtzLOPgCG/hODL7WFnsbwktkD7yUV0RrreP/l1PALq/YSg6VvjlA=="
    },
    "logform@2.7.0": {
      "integrity": "sha512-TFYA4jnP7PVbmlBIfhlSe+WKxs9dklXMTEGcBCIvLhE/Tn3H6Gk1norupVW7m5Cnd4bLcr08AytbyV/xj7f/kQ==",
      "dependencies": [
        "@colors/colors",
        "@types/triple-beam",
        "fecha",
        "ms",
        "safe-stable-stringify",
        "triple-beam"
      ]
    },
    "ms@2.1.3": {
      "integrity": "sha512-6FlzubTLZG3J2a/NVCAleEhjzq5oxgHyaCU9yYXvcLsvoVaHJq/s5xXI6/XXP6tz7R9xAOtHnSO/tXtF3WRTlA=="
    },
    "one-time@1.0.0": {
      "integrity": "sha512-5DXOiRKwuSEcQ/l0kGCF6Q3jcADFv5tSmRaJck/OqkVFcOzutB134KRSfF0xDrL39MNnqxbHBbUUcjZIhTgb2g==",
      "dependencies": [
        "fn.name"
      ]
    },
    "openapi-types@12.1.3": {
      "integrity": "sha512-N4YtSYJqghVu4iek2ZUvcN/0aqH1kRDuNqzcycDxhOUpg7GdvLa2F3DgS6yBNhInhv2r/6I0Flkn7CqL8+nIcw=="
    },
    "readable-stream@3.6.2": {
      "integrity": "sha512-9u/sniCrY3D5WdsERHzHE4G2YCXqoG5FTHUiCC4SIbr6XcLZBY05ya9EKjYek9O5xOAwjGq+1JdGBAS7Q9ScoA==",
      "dependencies": [
        "inherits",
        "string_decoder",
        "util-deprecate"
      ]
    },
    "safe-buffer@5.2.1": {
      "integrity": "sha512-rp3So07KcdmmKbGvgaNxQSJr7bGVSVk5S9Eq1F+ppbRo70+YeaDxkw5Dd8NPN+GD6bjnYm2VuPuCXmpuYvmCXQ=="
    },
    "safe-stable-stringify@2.5.0": {
      "integrity": "sha512-b3rppTKm9T+PsVCBEOUR46GWI7fdOs00VKZ1+9c1EWDaDMvjQc6tUwuFyIprgGgTcWoVHSKrU8H31ZHA2e0RHA=="
    },
    "simple-swizzle@0.2.2": {
      "integrity": "sha512-JA//kQgZtbuY83m+xT+tXJkmJncGMTFT+C+g2h2R9uxkYIrE2yy9sgmcLhCnw57/WSD+Eh3J97FPEDFnbXnDUg==",
      "dependencies": [
        "is-arrayish"
      ]
    },
    "stack-trace@0.0.10": {
      "integrity": "sha512-KGzahc7puUKkzyMt+IqAep+TVNbKP+k2Lmwhub39m1AsTSkaDutx56aDCo+HLDzf/D26BIHTJWNiTG1KAJiQCg=="
    },
    "string_decoder@1.3.0": {
      "integrity": "sha512-hkRX8U1WjJFd8LsDJ2yQ/wWWxaopEsABU1XfkM8A+j0+85JAGppt16cr1Whg6KIbb4okU6Mql6BOj+uup/wKeA==",
      "dependencies": [
        "safe-buffer"
      ]
    },
    "supports-color@7.2.0": {
      "integrity": "sha512-qpCAvRl9stuOHveKsn7HncJRvv501qIacKzQlO/+Lwxc9+0q2wLyv4Dfvt80/DPn2pqOBsJdDiogXGR9+OvwRw==",
      "dependencies": [
        "has-flag"
      ]
    },
    "table-layout@4.1.1": {
      "integrity": "sha512-iK5/YhZxq5GO5z8wb0bY1317uDF3Zjpha0QFFLA8/trAoiLbQD0HUbMesEaxyzUgDxi2QlcbM8IvqOlEjgoXBA==",
      "dependencies": [
        "array-back",
        "wordwrapjs"
      ]
    },
    "text-hex@1.0.0": {
      "integrity": "sha512-uuVGNWzgJ4yhRaNSiubPY7OjISw4sw4E5Uv0wbjp+OzcbmVU/rsT8ujgcXJhn9ypzsgr5vlzpPqP+MBBKcGvbg=="
    },
    "triple-beam@1.4.1": {
      "integrity": "sha512-aZbgViZrg1QNcG+LULa7nhZpJTZSLm/mXnHXnbAbjmN5aSa0y7V+wvv6+4WaBtpISJzThKy+PIPxc1Nq1EJ9mg=="
    },
    "typical@7.3.0": {
      "integrity": "sha512-ya4mg/30vm+DOWfBg4YK3j2WD6TWtRkCbasOJr40CseYENzCUby/7rIvXA99JGsQHeNxLbnXdyLLxKSv3tauFw=="
    },
    "undici-types@6.21.0": {
      "integrity": "sha512-iwDZqg0QAGrg9Rav5H4n0M64c3mkR59cJ6wQp+7C4nI0gsmExaedaYLNO44eT4AtBBwjbTiGPMlt2Md0T9H9JQ=="
    },
    "util-deprecate@1.0.2": {
      "integrity": "sha512-EPD5q1uXyFxJpCrLnCc1nHnq3gOa6DZBocAIiI2TaSCA7VCJ1UJDMagCzIkXNsUYfD1daK//LTEQ8xiIbrHtcw=="
    },
    "winston-transport@4.9.0": {
      "integrity": "sha512-8drMJ4rkgaPo1Me4zD/3WLfI/zPdA9o2IipKODunnGDcuqbHwjsbB79ylv04LCGGzU0xQ6vTznOMpQGaLhhm6A==",
      "dependencies": [
        "logform",
        "readable-stream",
        "triple-beam"
      ]
    },
    "winston@3.17.0": {
      "integrity": "sha512-DLiFIXYC5fMPxaRg832S6F5mJYvePtmO5G9v9IgUFPhXm9/GkXarH/TUrBAVzhTCzAj9anE/+GjrgXp/54nOgw==",
      "dependencies": [
        "@colors/colors",
        "@dabh/diagnostics",
        "async",
        "is-stream",
        "logform",
        "one-time",
        "readable-stream",
        "safe-stable-stringify",
        "stack-trace",
        "triple-beam",
        "winston-transport"
      ]
    },
    "wordwrapjs@5.1.0": {
      "integrity": "sha512-JNjcULU2e4KJwUNv6CHgI46UvDGitb6dGryHajXTDiLgg1/RiGoPSDw4kZfYnwGtEXf2ZMeIewDQgFGzkCB2Sg=="
    },
    "yoctocolors@2.1.2": {
      "integrity": "sha512-CzhO+pFNo8ajLM2d2IW/R93ipy99LWjtwblvC1RsoSUMZgyLbYFr221TnSNT7GjGdYui6P459mw9JH/g/zW2ug=="
    },
    "zhead@2.2.4": {
      "integrity": "sha512-8F0OI5dpWIA5IGG5NHUg9staDwz/ZPxZtvGVf01j7vHqSyZ0raHY+78atOVxRqb73AotX22uV1pXt3gYSstGag=="
    },
    "zod@4.1.7": {
      "integrity": "sha512-6qi6UYyzAl7W9uV29KvcSFXqK4QCYNYUz2YASPNBWpJE1RY6R1nArmmFPgGY/CBYWzpeMw3EOER+DR9a05O4IA=="
    }
  },
  "workspace": {
    "dependencies": [
      "jsr:@core/asyncutil@^1.2.0",
      "jsr:@std/async@^1.0.14",
      "jsr:@std/path@^1.1.2",
      "jsr:@std/yaml@^1.0.9",
      "npm:@hono/standard-validator@~0.1.5",
      "npm:@huggingface/jinja@~0.5.1",
      "npm:@kingbri1/hono-openapi@~0.5.1",
      "npm:@scalar/hono-api-reference@0.5.172",
      "npm:@types/command-line-args@^5.2.3",
      "npm:@types/command-line-usage@^5.0.4",
      "npm:command-line-args@^6.0.1",
      "npm:command-line-usage@^7.0.3",
      "npm:hono@^4.9.6",
      "npm:winston@^3.17.0",
      "npm:yoctocolors@^2.1.2",
      "npm:zod@^4.1.7"
    ]
  }
}
